
Microsoft Visual Studio Solution File, Format Version 12.00
# Visual Studio Version 17
VisualStudioVersion = 17.7.34018.315
MinimumVisualStudioVersion = 10.0.40219.1
Project("{9A19103F-16F7-4668-BE54-9A1E7A4F7556}") = "ToDoList", "..\..\..\Users\k.ap.s.parameswaran\Downloads\azure-main\azure-main\projects\serverless\src\web\ToDoList.csproj", "{BA3CB317-20FF-4C5D-879E-4C980815ED88}"
EndProject
Project("{9A19103F-16F7-4668-BE54-9A1E7A4F7556}") = "ToDoList.Messaging", "..\..\..\Users\k.ap.s.parameswaran\Downloads\azure-main\azure-main\projects\serverless\src\messaging\ToDoList.Messaging.csproj", "{08ECF88E-8C96-43D3-8EEB-1FE5D5E117BA}"
EndProject
Project("{9A19103F-16F7-4668-BE54-9A1E7A4F7556}") = "ToDoList.Model", "..\..\..\Users\k.ap.s.parameswaran\Downloads\azure-main\azure-main\projects\serverless\src\model\ToDoList.Model.csproj", "{FEBE4230-B809-4F5A-945F-89E0DE7C57E6}"
EndProject
Project("{9A19103F-16F7-4668-BE54-9A1E7A4F7556}") = "ToDoList.Entities", "..\..\..\Users\k.ap.s.parameswaran\Downloads\azure-main\azure-main\projects\serverless\src\entities\ToDoList.Entities.csproj", "{C689DD82-ACEC-45F0-8EE0-5670AC22002C}"
EndProject
Project("{9A19103F-16F7-4668-BE54-9A1E7A4F7556}") = "TodoList_Functions", "..\..\..\Users\k.ap.s.parameswaran\Downloads\azure-main\azure-main\projects\serverless\functions\TodoList.Functions\TodoList_Functions.csproj", "{02AB647C-B78B-4903-ACAA-4F7D560D2621}"
EndProject
Global
	GlobalSection(SolutionConfigurationPlatforms) = preSolution
		Debug|Any CPU = Debug|Any CPU
		Release|Any CPU = Release|Any CPU
	EndGlobalSection
	GlobalSection(ProjectConfigurationPlatforms) = postSolution
		{BA3CB317-20FF-4C5D-879E-4C980815ED88}.Debug|Any CPU.ActiveCfg = Debug|Any CPU
		{BA3CB317-20FF-4C5D-879E-4C980815ED88}.Debug|Any CPU.Build.0 = Debug|Any CPU
		{BA3CB317-20FF-4C5D-879E-4C980815ED88}.Release|Any CPU.ActiveCfg = Release|Any CPU
		{BA3CB317-20FF-4C5D-879E-4C980815ED88}.Release|Any CPU.Build.0 = Release|Any CPU
		{08ECF88E-8C96-43D3-8EEB-1FE5D5E117BA}.Debug|Any CPU.ActiveCfg = Debug|Any CPU
		{08ECF88E-8C96-43D3-8EEB-1FE5D5E117BA}.Debug|Any CPU.Build.0 = Debug|Any CPU
		{08ECF88E-8C96-43D3-8EEB-1FE5D5E117BA}.Release|Any CPU.ActiveCfg = Release|Any CPU
		{08ECF88E-8C96-43D3-8EEB-1FE5D5E117BA}.Release|Any CPU.Build.0 = Release|Any CPU
		{FEBE4230-B809-4F5A-945F-89E0DE7C57E6}.Debug|Any CPU.ActiveCfg = Debug|Any CPU
		{FEBE4230-B809-4F5A-945F-89E0DE7C57E6}.Debug|Any CPU.Build.0 = Debug|Any CPU
		{FEBE4230-B809-4F5A-945F-89E0DE7C57E6}.Release|Any CPU.ActiveCfg = Release|Any CPU
		{FEBE4230-B809-4F5A-945F-89E0DE7C57E6}.Release|Any CPU.Build.0 = Release|Any CPU
		{C689DD82-ACEC-45F0-8EE0-5670AC22002C}.Debug|Any CPU.ActiveCfg = Debug|Any CPU
		{C689DD82-ACEC-45F0-8EE0-5670AC22002C}.Debug|Any CPU.Build.0 = Debug|Any CPU
		{C689DD82-ACEC-45F0-8EE0-5670AC22002C}.Release|Any CPU.ActiveCfg = Release|Any CPU
		{C689DD82-ACEC-45F0-8EE0-5670AC22002C}.Release|Any CPU.Build.0 = Release|Any CPU
		{02AB647C-B78B-4903-ACAA-4F7D560D2621}.Debug|Any CPU.ActiveCfg = Debug|Any CPU
		{02AB647C-B78B-4903-ACAA-4F7D560D2621}.Debug|Any CPU.Build.0 = Debug|Any CPU
		{02AB647C-B78B-4903-ACAA-4F7D560D2621}.Release|Any CPU.ActiveCfg = Release|Any CPU
		{02AB647C-B78B-4903-ACAA-4F7D560D2621}.Release|Any CPU.Build.0 = Release|Any CPU
	EndGlobalSection
	GlobalSection(SolutionProperties) = preSolution
		HideSolutionNode = FALSE
	EndGlobalSection
	GlobalSection(ExtensibilityGlobals) = postSolution
		SolutionGuid = {042FAFB3-0F9C-4103-B97E-A87E44893D2C}
	EndGlobalSection
EndGlobal
